
Microsoft Visual Studio Solution File, Format Version 12.00
# Visual Studio Version 17
VisualStudioVersion = 17.3.32922.545
MinimumVisualStudioVersion = 10.0.40219.1
Project("{9A19103F-16F7-4668-BE54-9A1E7A4F7556}") = "Revit.AddIn", "Revit.AddIn\Revit.AddIn.csproj", "{5192BB50-F17E-4414-A6F8-3A2B8F04397D}"
EndProject
Project("{9A19103F-16F7-4668-BE54-9A1E7A4F7556}") = "App.DAL", "Revit.DAL\App.DAL.csproj", "{005AF18C-13B6-4D41-978E-7A51C2A58E42}"
EndProject
Project("{9A19103F-16F7-4668-BE54-9A1E7A4F7556}") = "Bimdance.Framework", "Bimdance.Framework\Bimdance.Framework.csproj", "{5BA0F1F3-A275-4C33-A5D3-020E2B824655}"
EndProject
Project("{9A19103F-16F7-4668-BE54-9A1E7A4F7556}") = "App.DML", "Revit.DML\App.DML.csproj", "{5789995A-634B-44CA-92DD-07448080A0E8}"
EndProject
Project("{9A19103F-16F7-4668-BE54-9A1E7A4F7556}") = "Revit.Families", "Revit.Families\Revit.Families.csproj", "{A42DFE46-DD0C-41FB-A145-3FF04EEC6A1B}"
EndProject
Project("{9A19103F-16F7-4668-BE54-9A1E7A4F7556}") = "Revit.Services", "Revit.Services\Revit.Services.csproj", "{4CCA5356-AD14-4D0E-AC99-9FC27CCD699C}"
EndProject
Project("{9A19103F-16F7-4668-BE54-9A1E7A4F7556}") = "Revit.Grpc.Bundle", "Revit.GrpcServer\Revit.Grpc.Bundle.csproj", "{12100663-98B8-4258-9251-9141ACA47F15}"
EndProject
Project("{9A19103F-16F7-4668-BE54-9A1E7A4F7556}") = "App.Services", "App.Services\App.Services.csproj", "{737DAFB4-86CA-429A-B1F6-5D51BE5B35C1}"
EndProject
Project("{9A19103F-16F7-4668-BE54-9A1E7A4F7556}") = "App.Grpc.Bundle", "App.Grpc.Bundle\App.Grpc.Bundle.csproj", "{D0992701-2671-4A29-87B7-FA13EF52C9FE}"
EndProject
Project("{FAE04EC0-301F-11D3-BF4B-00C04F79EFBC}") = "App.Main", "App.Main\App.Main.csproj", "{ED8252E6-8933-495F-8E96-AF0D2253CDA2}"
EndProject
Global
	GlobalSection(SolutionConfigurationPlatforms) = preSolution
		Debug|Any CPU = Debug|Any CPU
		Release|Any CPU = Release|Any CPU
	EndGlobalSection
	GlobalSection(ProjectConfigurationPlatforms) = postSolution
		{5192BB50-F17E-4414-A6F8-3A2B8F04397D}.Debug|Any CPU.ActiveCfg = Debug|Any CPU
		{5192BB50-F17E-4414-A6F8-3A2B8F04397D}.Debug|Any CPU.Build.0 = Debug|Any CPU
		{5192BB50-F17E-4414-A6F8-3A2B8F04397D}.Release|Any CPU.ActiveCfg = Release|Any CPU
		{5192BB50-F17E-4414-A6F8-3A2B8F04397D}.Release|Any CPU.Build.0 = Release|Any CPU
		{005AF18C-13B6-4D41-978E-7A51C2A58E42}.Debug|Any CPU.ActiveCfg = Debug|Any CPU
		{005AF18C-13B6-4D41-978E-7A51C2A58E42}.Debug|Any CPU.Build.0 = Debug|Any CPU
		{005AF18C-13B6-4D41-978E-7A51C2A58E42}.Release|Any CPU.ActiveCfg = Release|Any CPU
		{005AF18C-13B6-4D41-978E-7A51C2A58E42}.Release|Any CPU.Build.0 = Release|Any CPU
		{5BA0F1F3-A275-4C33-A5D3-020E2B824655}.Debug|Any CPU.ActiveCfg = Debug|Any CPU
		{5BA0F1F3-A275-4C33-A5D3-020E2B824655}.Debug|Any CPU.Build.0 = Debug|Any CPU
		{5BA0F1F3-A275-4C33-A5D3-020E2B824655}.Release|Any CPU.ActiveCfg = Release|Any CPU
		{5BA0F1F3-A275-4C33-A5D3-020E2B824655}.Release|Any CPU.Build.0 = Release|Any CPU
		{5789995A-634B-44CA-92DD-07448080A0E8}.Debug|Any CPU.ActiveCfg = Debug|Any CPU
		{5789995A-634B-44CA-92DD-07448080A0E8}.Debug|Any CPU.Build.0 = Debug|Any CPU
		{5789995A-634B-44CA-92DD-07448080A0E8}.Release|Any CPU.ActiveCfg = Release|Any CPU
		{5789995A-634B-44CA-92DD-07448080A0E8}.Release|Any CPU.Build.0 = Release|Any CPU
		{A42DFE46-DD0C-41FB-A145-3FF04EEC6A1B}.Debug|Any CPU.ActiveCfg = Debug|Any CPU
		{A42DFE46-DD0C-41FB-A145-3FF04EEC6A1B}.Debug|Any CPU.Build.0 = Debug|Any CPU
		{A42DFE46-DD0C-41FB-A145-3FF04EEC6A1B}.Release|Any CPU.ActiveCfg = Release|Any CPU
		{A42DFE46-DD0C-41FB-A145-3FF04EEC6A1B}.Release|Any CPU.Build.0 = Release|Any CPU
		{4CCA5356-AD14-4D0E-AC99-9FC27CCD699C}.Debug|Any CPU.ActiveCfg = Debug|Any CPU
		{4CCA5356-AD14-4D0E-AC99-9FC27CCD699C}.Debug|Any CPU.Build.0 = Debug|Any CPU
		{4CCA5356-AD14-4D0E-AC99-9FC27CCD699C}.Release|Any CPU.ActiveCfg = Release|Any CPU
		{4CCA5356-AD14-4D0E-AC99-9FC27CCD699C}.Release|Any CPU.Build.0 = Release|Any CPU
		{12100663-98B8-4258-9251-9141ACA47F15}.Debug|Any CPU.ActiveCfg = Debug|Any CPU
		{12100663-98B8-4258-9251-9141ACA47F15}.Debug|Any CPU.Build.0 = Debug|Any CPU
		{12100663-98B8-4258-9251-9141ACA47F15}.Release|Any CPU.ActiveCfg = Release|Any CPU
		{12100663-98B8-4258-9251-9141ACA47F15}.Release|Any CPU.Build.0 = Release|Any CPU
		{737DAFB4-86CA-429A-B1F6-5D51BE5B35C1}.Debug|Any CPU.ActiveCfg = Debug|Any CPU
		{737DAFB4-86CA-429A-B1F6-5D51BE5B35C1}.Debug|Any CPU.Build.0 = Debug|Any CPU
		{737DAFB4-86CA-429A-B1F6-5D51BE5B35C1}.Release|Any CPU.ActiveCfg = Release|Any CPU
		{737DAFB4-86CA-429A-B1F6-5D51BE5B35C1}.Release|Any CPU.Build.0 = Release|Any CPU
		{D0992701-2671-4A29-87B7-FA13EF52C9FE}.Debug|Any CPU.ActiveCfg = Debug|Any CPU
		{D0992701-2671-4A29-87B7-FA13EF52C9FE}.Debug|Any CPU.Build.0 = Debug|Any CPU
		{D0992701-2671-4A29-87B7-FA13EF52C9FE}.Release|Any CPU.ActiveCfg = Release|Any CPU
		{D0992701-2671-4A29-87B7-FA13EF52C9FE}.Release|Any CPU.Build.0 = Release|Any CPU
		{ED8252E6-8933-495F-8E96-AF0D2253CDA2}.Debug|Any CPU.ActiveCfg = Debug|Any CPU
		{ED8252E6-8933-495F-8E96-AF0D2253CDA2}.Debug|Any CPU.Build.0 = Debug|Any CPU
		{ED8252E6-8933-495F-8E96-AF0D2253CDA2}.Release|Any CPU.ActiveCfg = Release|Any CPU
		{ED8252E6-8933-495F-8E96-AF0D2253CDA2}.Release|Any CPU.Build.0 = Release|Any CPU
	EndGlobalSection
	GlobalSection(SolutionProperties) = preSolution
		HideSolutionNode = FALSE
	EndGlobalSection
	GlobalSection(ExtensibilityGlobals) = postSolution
		SolutionGuid = {2E472D05-738E-4F6F-9C55-F6295E5524D8}
	EndGlobalSection
EndGlobal
