
Microsoft Visual Studio Solution File, Format Version 12.00
# Visual Studio Version 17
VisualStudioVersion = 17.3.32922.545
MinimumVisualStudioVersion = 10.0.40219.1
Project("{FAE04EC0-301F-11D3-BF4B-00C04F79EFBC}") = "Revit.AddIn", "Revit.AddIn\Revit.AddIn.csproj", "{5192BB50-F17E-4414-A6F8-3A2B8F04397D}"
EndProject
Project("{FAE04EC0-301F-11D3-BF4B-00C04F79EFBC}") = "Revit.DAL", "Revit.DAL\Revit.DAL.csproj", "{005AF18C-13B6-4D41-978E-7A51C2A58E42}"
EndProject
Project("{FAE04EC0-301F-11D3-BF4B-00C04F79EFBC}") = "Bimdance.Framework", "Bimdance.Framework\Bimdance.Framework.csproj", "{5BA0F1F3-A275-4C33-A5D3-020E2B824655}"
EndProject
Global
	GlobalSection(SolutionConfigurationPlatforms) = preSolution
		Debug|Any CPU = Debug|Any CPU
		Release|Any CPU = Release|Any CPU
	EndGlobalSection
	GlobalSection(ProjectConfigurationPlatforms) = postSolution
		{5192BB50-F17E-4414-A6F8-3A2B8F04397D}.Debug|Any CPU.ActiveCfg = Debug|Any CPU
		{5192BB50-F17E-4414-A6F8-3A2B8F04397D}.Debug|Any CPU.Build.0 = Debug|Any CPU
		{5192BB50-F17E-4414-A6F8-3A2B8F04397D}.Release|Any CPU.ActiveCfg = Release|Any CPU
		{5192BB50-F17E-4414-A6F8-3A2B8F04397D}.Release|Any CPU.Build.0 = Release|Any CPU
		{005AF18C-13B6-4D41-978E-7A51C2A58E42}.Debug|Any CPU.ActiveCfg = Debug|Any CPU
		{005AF18C-13B6-4D41-978E-7A51C2A58E42}.Debug|Any CPU.Build.0 = Debug|Any CPU
		{005AF18C-13B6-4D41-978E-7A51C2A58E42}.Release|Any CPU.ActiveCfg = Release|Any CPU
		{005AF18C-13B6-4D41-978E-7A51C2A58E42}.Release|Any CPU.Build.0 = Release|Any CPU
		{5BA0F1F3-A275-4C33-A5D3-020E2B824655}.Debug|Any CPU.ActiveCfg = Debug|Any CPU
		{5BA0F1F3-A275-4C33-A5D3-020E2B824655}.Debug|Any CPU.Build.0 = Debug|Any CPU
		{5BA0F1F3-A275-4C33-A5D3-020E2B824655}.Release|Any CPU.ActiveCfg = Release|Any CPU
		{5BA0F1F3-A275-4C33-A5D3-020E2B824655}.Release|Any CPU.Build.0 = Release|Any CPU
	EndGlobalSection
	GlobalSection(SolutionProperties) = preSolution
		HideSolutionNode = FALSE
	EndGlobalSection
	GlobalSection(ExtensibilityGlobals) = postSolution
		SolutionGuid = {2E472D05-738E-4F6F-9C55-F6295E5524D8}
	EndGlobalSection
EndGlobal
