
Microsoft Visual Studio Solution File, Format Version 12.00
# Visual Studio Version 17
VisualStudioVersion = 17.3.32922.545
MinimumVisualStudioVersion = 10.0.40219.1
Project("{9A19103F-16F7-4668-BE54-9A1E7A4F7556}") = "Revit.AddIn", "Revit.AddIn\Revit.AddIn.csproj", "{5192BB50-F17E-4414-A6F8-3A2B8F04397D}"
EndProject
Project("{9A19103F-16F7-4668-BE54-9A1E7A4F7556}") = "App.DAL.Revit", "Revit.DAL\App.DAL.Revit.csproj", "{005AF18C-13B6-4D41-978E-7A51C2A58E42}"
EndProject
Project("{9A19103F-16F7-4668-BE54-9A1E7A4F7556}") = "Bimdance.Framework", "Bimdance.Framework\Bimdance.Framework.csproj", "{5BA0F1F3-A275-4C33-A5D3-020E2B824655}"
EndProject
Project("{9A19103F-16F7-4668-BE54-9A1E7A4F7556}") = "App.DML", "Revit.DML\App.DML.csproj", "{5789995A-634B-44CA-92DD-07448080A0E8}"
EndProject
Project("{9A19103F-16F7-4668-BE54-9A1E7A4F7556}") = "Revit.Families", "Revit.Families\Revit.Families.csproj", "{A42DFE46-DD0C-41FB-A145-3FF04EEC6A1B}"
EndProject
Project("{9A19103F-16F7-4668-BE54-9A1E7A4F7556}") = "Revit.Services", "Revit.Services\Revit.Services.csproj", "{4CCA5356-AD14-4D0E-AC99-9FC27CCD699C}"
EndProject
Project("{9A19103F-16F7-4668-BE54-9A1E7A4F7556}") = "Revit.Grpc.Bundle", "Revit.GrpcServer\Revit.Grpc.Bundle.csproj", "{12100663-98B8-4258-9251-9141ACA47F15}"
EndProject
Project("{9A19103F-16F7-4668-BE54-9A1E7A4F7556}") = "App.CommunicationServices", "App.CommunicationServices\App.CommunicationServices.csproj", "{737DAFB4-86CA-429A-B1F6-5D51BE5B35C1}"
EndProject
Project("{9A19103F-16F7-4668-BE54-9A1E7A4F7556}") = "App.Grpc.Bundle", "App.Grpc.Bundle\App.Grpc.Bundle.csproj", "{D0992701-2671-4A29-87B7-FA13EF52C9FE}"
EndProject
Project("{9A19103F-16F7-4668-BE54-9A1E7A4F7556}") = "Revit.Storage", "Revit.Storage\Revit.Storage.csproj", "{0B48B167-06B6-4E6E-9348-1E02BCDDF7AA}"
EndProject
Project("{9A19103F-16F7-4668-BE54-9A1E7A4F7556}") = "Revit.ScopedServicesFunctionality", "Revit.ScopedServicesFunctionality\Revit.ScopedServicesFunctionality.csproj", "{EEFAF5AE-6CBA-4B45-B65E-6195E8A43CB6}"
EndProject
Project("{9A19103F-16F7-4668-BE54-9A1E7A4F7556}") = "AppUi.WebWindow", "AppUi.WebWindow\AppUi.WebWindow.csproj", "{18CA8905-3E26-40EB-A398-ED11A53363D4}"
EndProject
Project("{9A19103F-16F7-4668-BE54-9A1E7A4F7556}") = "App.Services", "App.Services\App.Services.csproj", "{34DD34A7-DC67-4CBD-BC66-718161FE836C}"
EndProject
Project("{9A19103F-16F7-4668-BE54-9A1E7A4F7556}") = "App.DAL.Db", "App.DAL.Db\App.DAL.Db.csproj", "{3CFADCB9-3572-45EC-A9FD-03DC53BD52D7}"
EndProject
Project("{9A19103F-16F7-4668-BE54-9A1E7A4F7556}") = "App.DAL.Common", "App.DAL.Common\App.DAL.Common.csproj", "{8449A9E1-692E-4924-A6C6-16B13B76F879}"
EndProject
Project("{9A19103F-16F7-4668-BE54-9A1E7A4F7556}") = "App.Settings", "App.Settings\App.Settings.csproj", "{6C18DDC3-51C1-4C5C-9436-67DFD8425305}"
EndProject
Project("{FAE04EC0-301F-11D3-BF4B-00C04F79EFBC}") = "Bimdance.Revit.Framework", "Bimdance.Revit.Framework\Bimdance.Revit.Framework.csproj", "{E84D0F58-8BB8-404C-8F7C-D867BA702940}"
EndProject
Global
	GlobalSection(SolutionConfigurationPlatforms) = preSolution
		Debug|Any CPU = Debug|Any CPU
		Release|Any CPU = Release|Any CPU
	EndGlobalSection
	GlobalSection(ProjectConfigurationPlatforms) = postSolution
		{5192BB50-F17E-4414-A6F8-3A2B8F04397D}.Debug|Any CPU.ActiveCfg = Debug|Any CPU
		{5192BB50-F17E-4414-A6F8-3A2B8F04397D}.Debug|Any CPU.Build.0 = Debug|Any CPU
		{5192BB50-F17E-4414-A6F8-3A2B8F04397D}.Release|Any CPU.ActiveCfg = Release|Any CPU
		{5192BB50-F17E-4414-A6F8-3A2B8F04397D}.Release|Any CPU.Build.0 = Release|Any CPU
		{005AF18C-13B6-4D41-978E-7A51C2A58E42}.Debug|Any CPU.ActiveCfg = Debug|Any CPU
		{005AF18C-13B6-4D41-978E-7A51C2A58E42}.Debug|Any CPU.Build.0 = Debug|Any CPU
		{005AF18C-13B6-4D41-978E-7A51C2A58E42}.Release|Any CPU.ActiveCfg = Release|Any CPU
		{005AF18C-13B6-4D41-978E-7A51C2A58E42}.Release|Any CPU.Build.0 = Release|Any CPU
		{5BA0F1F3-A275-4C33-A5D3-020E2B824655}.Debug|Any CPU.ActiveCfg = Debug|Any CPU
		{5BA0F1F3-A275-4C33-A5D3-020E2B824655}.Debug|Any CPU.Build.0 = Debug|Any CPU
		{5BA0F1F3-A275-4C33-A5D3-020E2B824655}.Release|Any CPU.ActiveCfg = Release|Any CPU
		{5BA0F1F3-A275-4C33-A5D3-020E2B824655}.Release|Any CPU.Build.0 = Release|Any CPU
		{5789995A-634B-44CA-92DD-07448080A0E8}.Debug|Any CPU.ActiveCfg = Debug|Any CPU
		{5789995A-634B-44CA-92DD-07448080A0E8}.Debug|Any CPU.Build.0 = Debug|Any CPU
		{5789995A-634B-44CA-92DD-07448080A0E8}.Release|Any CPU.ActiveCfg = Release|Any CPU
		{5789995A-634B-44CA-92DD-07448080A0E8}.Release|Any CPU.Build.0 = Release|Any CPU
		{A42DFE46-DD0C-41FB-A145-3FF04EEC6A1B}.Debug|Any CPU.ActiveCfg = Debug|Any CPU
		{A42DFE46-DD0C-41FB-A145-3FF04EEC6A1B}.Debug|Any CPU.Build.0 = Debug|Any CPU
		{A42DFE46-DD0C-41FB-A145-3FF04EEC6A1B}.Release|Any CPU.ActiveCfg = Release|Any CPU
		{A42DFE46-DD0C-41FB-A145-3FF04EEC6A1B}.Release|Any CPU.Build.0 = Release|Any CPU
		{4CCA5356-AD14-4D0E-AC99-9FC27CCD699C}.Debug|Any CPU.ActiveCfg = Debug|Any CPU
		{4CCA5356-AD14-4D0E-AC99-9FC27CCD699C}.Debug|Any CPU.Build.0 = Debug|Any CPU
		{4CCA5356-AD14-4D0E-AC99-9FC27CCD699C}.Release|Any CPU.ActiveCfg = Release|Any CPU
		{4CCA5356-AD14-4D0E-AC99-9FC27CCD699C}.Release|Any CPU.Build.0 = Release|Any CPU
		{12100663-98B8-4258-9251-9141ACA47F15}.Debug|Any CPU.ActiveCfg = Debug|Any CPU
		{12100663-98B8-4258-9251-9141ACA47F15}.Debug|Any CPU.Build.0 = Debug|Any CPU
		{12100663-98B8-4258-9251-9141ACA47F15}.Release|Any CPU.ActiveCfg = Release|Any CPU
		{12100663-98B8-4258-9251-9141ACA47F15}.Release|Any CPU.Build.0 = Release|Any CPU
		{737DAFB4-86CA-429A-B1F6-5D51BE5B35C1}.Debug|Any CPU.ActiveCfg = Debug|Any CPU
		{737DAFB4-86CA-429A-B1F6-5D51BE5B35C1}.Debug|Any CPU.Build.0 = Debug|Any CPU
		{737DAFB4-86CA-429A-B1F6-5D51BE5B35C1}.Release|Any CPU.ActiveCfg = Release|Any CPU
		{737DAFB4-86CA-429A-B1F6-5D51BE5B35C1}.Release|Any CPU.Build.0 = Release|Any CPU
		{D0992701-2671-4A29-87B7-FA13EF52C9FE}.Debug|Any CPU.ActiveCfg = Debug|Any CPU
		{D0992701-2671-4A29-87B7-FA13EF52C9FE}.Debug|Any CPU.Build.0 = Debug|Any CPU
		{D0992701-2671-4A29-87B7-FA13EF52C9FE}.Release|Any CPU.ActiveCfg = Release|Any CPU
		{D0992701-2671-4A29-87B7-FA13EF52C9FE}.Release|Any CPU.Build.0 = Release|Any CPU
		{0B48B167-06B6-4E6E-9348-1E02BCDDF7AA}.Debug|Any CPU.ActiveCfg = Debug|Any CPU
		{0B48B167-06B6-4E6E-9348-1E02BCDDF7AA}.Debug|Any CPU.Build.0 = Debug|Any CPU
		{0B48B167-06B6-4E6E-9348-1E02BCDDF7AA}.Release|Any CPU.ActiveCfg = Release|Any CPU
		{0B48B167-06B6-4E6E-9348-1E02BCDDF7AA}.Release|Any CPU.Build.0 = Release|Any CPU
		{EEFAF5AE-6CBA-4B45-B65E-6195E8A43CB6}.Debug|Any CPU.ActiveCfg = Debug|Any CPU
		{EEFAF5AE-6CBA-4B45-B65E-6195E8A43CB6}.Debug|Any CPU.Build.0 = Debug|Any CPU
		{EEFAF5AE-6CBA-4B45-B65E-6195E8A43CB6}.Release|Any CPU.ActiveCfg = Release|Any CPU
		{EEFAF5AE-6CBA-4B45-B65E-6195E8A43CB6}.Release|Any CPU.Build.0 = Release|Any CPU
		{18CA8905-3E26-40EB-A398-ED11A53363D4}.Debug|Any CPU.ActiveCfg = Debug|Any CPU
		{18CA8905-3E26-40EB-A398-ED11A53363D4}.Debug|Any CPU.Build.0 = Debug|Any CPU
		{18CA8905-3E26-40EB-A398-ED11A53363D4}.Release|Any CPU.ActiveCfg = Release|Any CPU
		{18CA8905-3E26-40EB-A398-ED11A53363D4}.Release|Any CPU.Build.0 = Release|Any CPU
		{34DD34A7-DC67-4CBD-BC66-718161FE836C}.Debug|Any CPU.ActiveCfg = Debug|Any CPU
		{34DD34A7-DC67-4CBD-BC66-718161FE836C}.Debug|Any CPU.Build.0 = Debug|Any CPU
		{34DD34A7-DC67-4CBD-BC66-718161FE836C}.Release|Any CPU.ActiveCfg = Release|Any CPU
		{34DD34A7-DC67-4CBD-BC66-718161FE836C}.Release|Any CPU.Build.0 = Release|Any CPU
		{3CFADCB9-3572-45EC-A9FD-03DC53BD52D7}.Debug|Any CPU.ActiveCfg = Debug|Any CPU
		{3CFADCB9-3572-45EC-A9FD-03DC53BD52D7}.Debug|Any CPU.Build.0 = Debug|Any CPU
		{3CFADCB9-3572-45EC-A9FD-03DC53BD52D7}.Release|Any CPU.ActiveCfg = Release|Any CPU
		{3CFADCB9-3572-45EC-A9FD-03DC53BD52D7}.Release|Any CPU.Build.0 = Release|Any CPU
		{8449A9E1-692E-4924-A6C6-16B13B76F879}.Debug|Any CPU.ActiveCfg = Debug|Any CPU
		{8449A9E1-692E-4924-A6C6-16B13B76F879}.Debug|Any CPU.Build.0 = Debug|Any CPU
		{8449A9E1-692E-4924-A6C6-16B13B76F879}.Release|Any CPU.ActiveCfg = Release|Any CPU
		{8449A9E1-692E-4924-A6C6-16B13B76F879}.Release|Any CPU.Build.0 = Release|Any CPU
		{6C18DDC3-51C1-4C5C-9436-67DFD8425305}.Debug|Any CPU.ActiveCfg = Debug|Any CPU
		{6C18DDC3-51C1-4C5C-9436-67DFD8425305}.Debug|Any CPU.Build.0 = Debug|Any CPU
		{6C18DDC3-51C1-4C5C-9436-67DFD8425305}.Release|Any CPU.ActiveCfg = Release|Any CPU
		{6C18DDC3-51C1-4C5C-9436-67DFD8425305}.Release|Any CPU.Build.0 = Release|Any CPU
		{E84D0F58-8BB8-404C-8F7C-D867BA702940}.Debug|Any CPU.ActiveCfg = Debug|Any CPU
		{E84D0F58-8BB8-404C-8F7C-D867BA702940}.Debug|Any CPU.Build.0 = Debug|Any CPU
		{E84D0F58-8BB8-404C-8F7C-D867BA702940}.Release|Any CPU.ActiveCfg = Release|Any CPU
		{E84D0F58-8BB8-404C-8F7C-D867BA702940}.Release|Any CPU.Build.0 = Release|Any CPU
	EndGlobalSection
	GlobalSection(SolutionProperties) = preSolution
		HideSolutionNode = FALSE
	EndGlobalSection
	GlobalSection(ExtensibilityGlobals) = postSolution
		SolutionGuid = {2E472D05-738E-4F6F-9C55-F6295E5524D8}
	EndGlobalSection
EndGlobal
